
Microsoft Visual Studio Solution File, Format Version 12.00
# Visual Studio Version 17
VisualStudioVersion = 17.0.32126.317
MinimumVisualStudioVersion = 10.0.40219.1
Project("{9A19103F-16F7-4668-BE54-9A1E7A4F7556}") = "BT02", "BT02\BT02.csproj", "{7A590C48-8DB7-447A-B516-D198DA5D2B7C}"
EndProject
Project("{9A19103F-16F7-4668-BE54-9A1E7A4F7556}") = "BT03", "BT03\BT03.csproj", "{EB0E7C89-2AA5-4F09-83C7-827E85149DEC}"
EndProject
Project("{9A19103F-16F7-4668-BE54-9A1E7A4F7556}") = "BT04", "BT04\BT04.csproj", "{209C2F8D-9F8A-433F-BFAC-D08B202F2668}"
EndProject
Project("{9A19103F-16F7-4668-BE54-9A1E7A4F7556}") = "BT05", "BT05\BT05.csproj", "{041E7767-E3C3-433F-9FEB-F531BAE9DD98}"
EndProject
Project("{9A19103F-16F7-4668-BE54-9A1E7A4F7556}") = "BT06", "BT06\BT06.csproj", "{DB00D2FB-AA11-4A19-AB24-1B6A909B8AC6}"
EndProject
Project("{FAE04EC0-301F-11D3-BF4B-00C04F79EFBC}") = "BT07", "BT07\BT07.csproj", "{5C7F1761-116C-47FB-9F34-D8ACF743D5A0}"
EndProject
Project("{FAE04EC0-301F-11D3-BF4B-00C04F79EFBC}") = "BT08", "BT08\BT08.csproj", "{27A975BB-587E-40F0-B0E9-EEA314A9BDA1}"
EndProject
Project("{FAE04EC0-301F-11D3-BF4B-00C04F79EFBC}") = "BT09", "BT09\BT09.csproj", "{512A66DC-B18B-43B0-B44B-D844794257CB}"
EndProject
Project("{FAE04EC0-301F-11D3-BF4B-00C04F79EFBC}") = "BT10", "BT10\BT10.csproj", "{CDD65910-59A5-407C-A22D-DD797C8636F8}"
EndProject
Project("{9A19103F-16F7-4668-BE54-9A1E7A4F7556}") = "BT01", "BT01\BT01.csproj", "{984E4AF8-A165-4B4F-975A-FD880AA877E0}"
EndProject
Global
	GlobalSection(SolutionConfigurationPlatforms) = preSolution
		Debug|Any CPU = Debug|Any CPU
		Release|Any CPU = Release|Any CPU
	EndGlobalSection
	GlobalSection(ProjectConfigurationPlatforms) = postSolution
		{7A590C48-8DB7-447A-B516-D198DA5D2B7C}.Debug|Any CPU.ActiveCfg = Debug|Any CPU
		{7A590C48-8DB7-447A-B516-D198DA5D2B7C}.Debug|Any CPU.Build.0 = Debug|Any CPU
		{7A590C48-8DB7-447A-B516-D198DA5D2B7C}.Release|Any CPU.ActiveCfg = Release|Any CPU
		{7A590C48-8DB7-447A-B516-D198DA5D2B7C}.Release|Any CPU.Build.0 = Release|Any CPU
		{EB0E7C89-2AA5-4F09-83C7-827E85149DEC}.Debug|Any CPU.ActiveCfg = Debug|Any CPU
		{EB0E7C89-2AA5-4F09-83C7-827E85149DEC}.Debug|Any CPU.Build.0 = Debug|Any CPU
		{EB0E7C89-2AA5-4F09-83C7-827E85149DEC}.Release|Any CPU.ActiveCfg = Release|Any CPU
		{EB0E7C89-2AA5-4F09-83C7-827E85149DEC}.Release|Any CPU.Build.0 = Release|Any CPU
		{209C2F8D-9F8A-433F-BFAC-D08B202F2668}.Debug|Any CPU.ActiveCfg = Debug|Any CPU
		{209C2F8D-9F8A-433F-BFAC-D08B202F2668}.Debug|Any CPU.Build.0 = Debug|Any CPU
		{209C2F8D-9F8A-433F-BFAC-D08B202F2668}.Release|Any CPU.ActiveCfg = Release|Any CPU
		{209C2F8D-9F8A-433F-BFAC-D08B202F2668}.Release|Any CPU.Build.0 = Release|Any CPU
		{041E7767-E3C3-433F-9FEB-F531BAE9DD98}.Debug|Any CPU.ActiveCfg = Debug|Any CPU
		{041E7767-E3C3-433F-9FEB-F531BAE9DD98}.Debug|Any CPU.Build.0 = Debug|Any CPU
		{041E7767-E3C3-433F-9FEB-F531BAE9DD98}.Release|Any CPU.ActiveCfg = Release|Any CPU
		{041E7767-E3C3-433F-9FEB-F531BAE9DD98}.Release|Any CPU.Build.0 = Release|Any CPU
		{DB00D2FB-AA11-4A19-AB24-1B6A909B8AC6}.Debug|Any CPU.ActiveCfg = Debug|Any CPU
		{DB00D2FB-AA11-4A19-AB24-1B6A909B8AC6}.Debug|Any CPU.Build.0 = Debug|Any CPU
		{DB00D2FB-AA11-4A19-AB24-1B6A909B8AC6}.Release|Any CPU.ActiveCfg = Release|Any CPU
		{DB00D2FB-AA11-4A19-AB24-1B6A909B8AC6}.Release|Any CPU.Build.0 = Release|Any CPU
		{5C7F1761-116C-47FB-9F34-D8ACF743D5A0}.Debug|Any CPU.ActiveCfg = Debug|Any CPU
		{5C7F1761-116C-47FB-9F34-D8ACF743D5A0}.Debug|Any CPU.Build.0 = Debug|Any CPU
		{5C7F1761-116C-47FB-9F34-D8ACF743D5A0}.Release|Any CPU.ActiveCfg = Release|Any CPU
		{5C7F1761-116C-47FB-9F34-D8ACF743D5A0}.Release|Any CPU.Build.0 = Release|Any CPU
		{27A975BB-587E-40F0-B0E9-EEA314A9BDA1}.Debug|Any CPU.ActiveCfg = Debug|Any CPU
		{27A975BB-587E-40F0-B0E9-EEA314A9BDA1}.Debug|Any CPU.Build.0 = Debug|Any CPU
		{27A975BB-587E-40F0-B0E9-EEA314A9BDA1}.Release|Any CPU.ActiveCfg = Release|Any CPU
		{27A975BB-587E-40F0-B0E9-EEA314A9BDA1}.Release|Any CPU.Build.0 = Release|Any CPU
		{512A66DC-B18B-43B0-B44B-D844794257CB}.Debug|Any CPU.ActiveCfg = Debug|Any CPU
		{512A66DC-B18B-43B0-B44B-D844794257CB}.Debug|Any CPU.Build.0 = Debug|Any CPU
		{512A66DC-B18B-43B0-B44B-D844794257CB}.Release|Any CPU.ActiveCfg = Release|Any CPU
		{512A66DC-B18B-43B0-B44B-D844794257CB}.Release|Any CPU.Build.0 = Release|Any CPU
		{CDD65910-59A5-407C-A22D-DD797C8636F8}.Debug|Any CPU.ActiveCfg = Debug|Any CPU
		{CDD65910-59A5-407C-A22D-DD797C8636F8}.Debug|Any CPU.Build.0 = Debug|Any CPU
		{CDD65910-59A5-407C-A22D-DD797C8636F8}.Release|Any CPU.ActiveCfg = Release|Any CPU
		{CDD65910-59A5-407C-A22D-DD797C8636F8}.Release|Any CPU.Build.0 = Release|Any CPU
		{984E4AF8-A165-4B4F-975A-FD880AA877E0}.Debug|Any CPU.ActiveCfg = Debug|Any CPU
		{984E4AF8-A165-4B4F-975A-FD880AA877E0}.Debug|Any CPU.Build.0 = Debug|Any CPU
		{984E4AF8-A165-4B4F-975A-FD880AA877E0}.Release|Any CPU.ActiveCfg = Release|Any CPU
		{984E4AF8-A165-4B4F-975A-FD880AA877E0}.Release|Any CPU.Build.0 = Release|Any CPU
	EndGlobalSection
	GlobalSection(SolutionProperties) = preSolution
		HideSolutionNode = FALSE
	EndGlobalSection
	GlobalSection(ExtensibilityGlobals) = postSolution
		SolutionGuid = {E2B8FE58-6203-43B2-8CEB-1426E4846A20}
	EndGlobalSection
EndGlobal
